
Microsoft Visual Studio Solution File, Format Version 12.00
# Visual Studio Version 16
VisualStudioVersion = 16.0.30717.126
MinimumVisualStudioVersion = 10.0.40219.1
Project("{9A19103F-16F7-4668-BE54-9A1E7A4F7556}") = "MarsRover", "src\MarsRover\MarsRover.csproj", "{83D53544-1CA1-47BB-85B3-AE45E26DDEE0}"
EndProject
Project("{2150E333-8FDC-42A3-9474-1A3956D46DE8}") = "tests", "tests", "{E35831B8-9CF5-4B55-9693-C12E8C8BA9F3}"
EndProject
Project("{FAE04EC0-301F-11D3-BF4B-00C04F79EFBC}") = "MarsRover.Test", "tests\MarsRover.Test\MarsRover.Test.csproj", "{BE74416D-4C33-4AA4-ABAD-61A10387CA5D}"
EndProject
Global
	GlobalSection(SolutionConfigurationPlatforms) = preSolution
		Debug|Any CPU = Debug|Any CPU
		Release|Any CPU = Release|Any CPU
	EndGlobalSection
	GlobalSection(ProjectConfigurationPlatforms) = postSolution
		{83D53544-1CA1-47BB-85B3-AE45E26DDEE0}.Debug|Any CPU.ActiveCfg = Debug|Any CPU
		{83D53544-1CA1-47BB-85B3-AE45E26DDEE0}.Debug|Any CPU.Build.0 = Debug|Any CPU
		{83D53544-1CA1-47BB-85B3-AE45E26DDEE0}.Release|Any CPU.ActiveCfg = Release|Any CPU
		{83D53544-1CA1-47BB-85B3-AE45E26DDEE0}.Release|Any CPU.Build.0 = Release|Any CPU
		{BE74416D-4C33-4AA4-ABAD-61A10387CA5D}.Debug|Any CPU.ActiveCfg = Debug|Any CPU
		{BE74416D-4C33-4AA4-ABAD-61A10387CA5D}.Debug|Any CPU.Build.0 = Debug|Any CPU
		{BE74416D-4C33-4AA4-ABAD-61A10387CA5D}.Release|Any CPU.ActiveCfg = Release|Any CPU
		{BE74416D-4C33-4AA4-ABAD-61A10387CA5D}.Release|Any CPU.Build.0 = Release|Any CPU
	EndGlobalSection
	GlobalSection(SolutionProperties) = preSolution
		HideSolutionNode = FALSE
	EndGlobalSection
	GlobalSection(NestedProjects) = preSolution
		{BE74416D-4C33-4AA4-ABAD-61A10387CA5D} = {E35831B8-9CF5-4B55-9693-C12E8C8BA9F3}
	EndGlobalSection
	GlobalSection(ExtensibilityGlobals) = postSolution
		SolutionGuid = {89F7500A-8772-4D0B-9590-DEF423655FFB}
	EndGlobalSection
EndGlobal
